
Microsoft Visual Studio Solution File, Format Version 12.00
# Visual Studio Version 16
VisualStudioVersion = 16.0.29905.134
MinimumVisualStudioVersion = 10.0.40219.1
Project("{FAE04EC0-301F-11D3-BF4B-00C04F79EFBC}") = "Vo_Assist", "Vo_Assist.csproj", "{883A89E6-06A0-41DE-A183-A8AFB362FD1A}"
EndProject
Global
	GlobalSection(SolutionConfigurationPlatforms) = preSolution
		Debug|Any CPU = Debug|Any CPU
		Release|Any CPU = Release|Any CPU
	EndGlobalSection
	GlobalSection(ProjectConfigurationPlatforms) = postSolution
		{883A89E6-06A0-41DE-A183-A8AFB362FD1A}.Debug|Any CPU.ActiveCfg = Debug|Any CPU
		{883A89E6-06A0-41DE-A183-A8AFB362FD1A}.Debug|Any CPU.Build.0 = Debug|Any CPU
		{883A89E6-06A0-41DE-A183-A8AFB362FD1A}.Release|Any CPU.ActiveCfg = Release|Any CPU
		{883A89E6-06A0-41DE-A183-A8AFB362FD1A}.Release|Any CPU.Build.0 = Release|Any CPU
	EndGlobalSection
	GlobalSection(SolutionProperties) = preSolution
		HideSolutionNode = FALSE
	EndGlobalSection
	GlobalSection(ExtensibilityGlobals) = postSolution
		SolutionGuid = {4FDF0C50-3431-4BB3-A1AF-4DE52F0D6C79}
	EndGlobalSection
EndGlobal
